// !$*UTF8*$!
{
	archiveVersion = 1;
	classes = {
	};
	objectVersion = 45;
	objects = {

/* Begin PBXBuildFile section */
		C9389E500E4211190077F84F /* HoneycombController.m in Sources */ = {isa = PBXBuildFile; fileRef = C9389E300E420FD40077F84F /* HoneycombController.m */; };
		C9389E550E4212800077F84F /* MainMenu.xib in Resources */ = {isa = PBXBuildFile; fileRef = C9389E530E42127B0077F84F /* MainMenu.xib */; };
		C9389E690E4213750077F84F /* main.m in Sources */ = {isa = PBXBuildFile; fileRef = C9389E670E42136E0077F84F /* main.m */; };
		C9551F690E43D03C00E3C252 /* LICENSE in Resources */ = {isa = PBXBuildFile; fileRef = C9551F680E43D03C00E3C252 /* LICENSE */; };
		C9874ADF0E4230840068E7BF /* HoneycombView.framework in Frameworks */ = {isa = PBXBuildFile; fileRef = C9874AD90E4230790068E7BF /* HoneycombView.framework */; };
		C9874AE00E42308C0068E7BF /* LMHexCell.h in Headers */ = {isa = PBXBuildFile; fileRef = C93C642F0E3FEEE400A6CE15 /* LMHexCell.h */; settings = {ATTRIBUTES = (Public, ); }; };
		C9874AE10E42308C0068E7BF /* LMHexCell.m in Sources */ = {isa = PBXBuildFile; fileRef = C93C64300E3FEEE400A6CE15 /* LMHexCell.m */; };
		C9874AE20E42308C0068E7BF /* LMHoneycombMatrix.h in Headers */ = {isa = PBXBuildFile; fileRef = C93C64310E3FEEE400A6CE15 /* LMHoneycombMatrix.h */; settings = {ATTRIBUTES = (Public, ); }; };
		C9874AE30E42308C0068E7BF /* LMHoneycombView.h in Headers */ = {isa = PBXBuildFile; fileRef = C93C64320E3FEEE400A6CE15 /* LMHoneycombView.h */; settings = {ATTRIBUTES = (Public, ); }; };
		C9874AE40E42308C0068E7BF /* LMHoneycombView.m in Sources */ = {isa = PBXBuildFile; fileRef = C93C64330E3FEEE400A6CE15 /* LMHoneycombView.m */; };
		C9874AE50E42308C0068E7BF /* LMRegularPolygon.h in Headers */ = {isa = PBXBuildFile; fileRef = C93C64340E3FEEE400A6CE15 /* LMRegularPolygon.h */; };
		C9874AE60E42308C0068E7BF /* LMRegularPolygon.m in Sources */ = {isa = PBXBuildFile; fileRef = C93C64350E3FEEE400A6CE15 /* LMRegularPolygon.m */; };
		C9874AE70E42308C0068E7BF /* HoneycombView.h in Headers */ = {isa = PBXBuildFile; fileRef = C9389E950E421F240077F84F /* HoneycombView.h */; settings = {ATTRIBUTES = (Public, ); }; };
/* End PBXBuildFile section */

/* Begin PBXContainerItemProxy section */
		9131DD400E6C73EC00C59D1A /* PBXContainerItemProxy */ = {
			isa = PBXContainerItemProxy;
			containerPortal = 0867D690FE84028FC02AAC07 /* Project object */;
			proxyType = 1;
			remoteGlobalIDString = C9874AD80E4230790068E7BF /* HoneycombView */;
			remoteInfo = HoneycombView;
		};
/* End PBXContainerItemProxy section */

/* Begin PBXFileReference section */
		0867D69BFE84028FC02AAC07 /* Foundation.framework */ = {isa = PBXFileReference; lastKnownFileType = wrapper.framework; name = Foundation.framework; path = /System/Library/Frameworks/Foundation.framework; sourceTree = "<absolute>"; };
		0867D6A5FE840307C02AAC07 /* AppKit.framework */ = {isa = PBXFileReference; lastKnownFileType = wrapper.framework; name = AppKit.framework; path = /System/Library/Frameworks/AppKit.framework; sourceTree = "<absolute>"; };
		089C1667FE841158C02AAC07 /* English */ = {isa = PBXFileReference; fileEncoding = 10; lastKnownFileType = text.plist.strings; name = English; path = English.lproj/InfoPlist.strings; sourceTree = "<group>"; };
		1058C7B1FEA5585E11CA2CBB /* Cocoa.framework */ = {isa = PBXFileReference; lastKnownFileType = wrapper.framework; name = Cocoa.framework; path = /System/Library/Frameworks/Cocoa.framework; sourceTree = "<absolute>"; };
		32DBCF5E0370ADEE00C91783 /* Honeycomb_Prefix.pch */ = {isa = PBXFileReference; fileEncoding = 4; lastKnownFileType = sourcecode.c.h; path = Honeycomb_Prefix.pch; sourceTree = "<group>"; };
		8DC2EF5A0486A6940098B216 /* Info.plist */ = {isa = PBXFileReference; fileEncoding = 4; lastKnownFileType = text.plist.xml; path = Info.plist; sourceTree = "<group>"; };
		C9389E270E420FA90077F84F /* HoneycombTester.app */ = {isa = PBXFileReference; explicitFileType = wrapper.application; includeInIndex = 0; path = HoneycombTester.app; sourceTree = BUILT_PRODUCTS_DIR; };
		C9389E290E420FA90077F84F /* HoneycombTester-Info.plist */ = {isa = PBXFileReference; lastKnownFileType = text.plist.xml; path = "HoneycombTester-Info.plist"; sourceTree = "<group>"; };
		C9389E2F0E420FD40077F84F /* HoneycombController.h */ = {isa = PBXFileReference; fileEncoding = 4; lastKnownFileType = sourcecode.c.h; path = HoneycombController.h; sourceTree = "<group>"; };
		C9389E300E420FD40077F84F /* HoneycombController.m */ = {isa = PBXFileReference; fileEncoding = 4; lastKnownFileType = sourcecode.c.objc; path = HoneycombController.m; sourceTree = "<group>"; };
		C9389E530E42127B0077F84F /* MainMenu.xib */ = {isa = PBXFileReference; lastKnownFileType = file.xib; path = MainMenu.xib; sourceTree = "<group>"; };
		C9389E670E42136E0077F84F /* main.m */ = {isa = PBXFileReference; fileEncoding = 4; lastKnownFileType = sourcecode.c.objc; path = main.m; sourceTree = "<group>"; };
		C9389E950E421F240077F84F /* HoneycombView.h */ = {isa = PBXFileReference; fileEncoding = 4; lastKnownFileType = sourcecode.c.h; path = HoneycombView.h; sourceTree = "<group>"; };
		C93C642F0E3FEEE400A6CE15 /* LMHexCell.h */ = {isa = PBXFileReference; fileEncoding = 4; lastKnownFileType = sourcecode.c.h; path = LMHexCell.h; sourceTree = "<group>"; };
		C93C64300E3FEEE400A6CE15 /* LMHexCell.m */ = {isa = PBXFileReference; fileEncoding = 4; lastKnownFileType = sourcecode.c.objc; path = LMHexCell.m; sourceTree = "<group>"; };
		C93C64310E3FEEE400A6CE15 /* LMHoneycombMatrix.h */ = {isa = PBXFileReference; fileEncoding = 4; lastKnownFileType = sourcecode.c.h; path = LMHoneycombMatrix.h; sourceTree = "<group>"; };
		C93C64320E3FEEE400A6CE15 /* LMHoneycombView.h */ = {isa = PBXFileReference; fileEncoding = 4; lastKnownFileType = sourcecode.c.h; path = LMHoneycombView.h; sourceTree = "<group>"; };
		C93C64330E3FEEE400A6CE15 /* LMHoneycombView.m */ = {isa = PBXFileReference; fileEncoding = 4; lastKnownFileType = sourcecode.c.objc; path = LMHoneycombView.m; sourceTree = "<group>"; };
		C93C64340E3FEEE400A6CE15 /* LMRegularPolygon.h */ = {isa = PBXFileReference; fileEncoding = 4; lastKnownFileType = sourcecode.c.h; path = LMRegularPolygon.h; sourceTree = "<group>"; };
		C93C64350E3FEEE400A6CE15 /* LMRegularPolygon.m */ = {isa = PBXFileReference; fileEncoding = 4; lastKnownFileType = sourcecode.c.objc; path = LMRegularPolygon.m; sourceTree = "<group>"; };
		C9551F680E43D03C00E3C252 /* LICENSE */ = {isa = PBXFileReference; fileEncoding = 4; lastKnownFileType = text; path = LICENSE; sourceTree = "<group>"; };
		C9874AD90E4230790068E7BF /* HoneycombView.framework */ = {isa = PBXFileReference; explicitFileType = wrapper.framework; includeInIndex = 0; path = HoneycombView.framework; sourceTree = BUILT_PRODUCTS_DIR; };
		C9874ADA0E4230790068E7BF /* HoneycombView-Info.plist */ = {isa = PBXFileReference; lastKnownFileType = text.plist.xml; path = "HoneycombView-Info.plist"; sourceTree = "<group>"; };
		C9874B4A0E42337A0068E7BF /* HoneycombViewIBPlugin.bundle */ = {isa = PBXFileReference; explicitFileType = wrapper.cfbundle; includeInIndex = 0; path = HoneycombViewIBPlugin.bundle; sourceTree = BUILT_PRODUCTS_DIR; };
		C9874B4B0E42337A0068E7BF /* HoneycombViewIBPlugin-Info.plist */ = {isa = PBXFileReference; lastKnownFileType = text.plist.xml; path = "HoneycombViewIBPlugin-Info.plist"; sourceTree = "<group>"; };
		D2F7E79907B2D74100F64583 /* CoreData.framework */ = {isa = PBXFileReference; lastKnownFileType = wrapper.framework; name = CoreData.framework; path = /System/Library/Frameworks/CoreData.framework; sourceTree = "<absolute>"; };
/* End PBXFileReference section */

/* Begin PBXFrameworksBuildPhase section */
		C9389E250E420FA90077F84F /* Frameworks */ = {
			isa = PBXFrameworksBuildPhase;
			buildActionMask = 2147483647;
			files = (
				C9874ADF0E4230840068E7BF /* HoneycombView.framework in Frameworks */,
			);
			runOnlyForDeploymentPostprocessing = 0;
		};
		C9874AD70E4230790068E7BF /* Frameworks */ = {
			isa = PBXFrameworksBuildPhase;
			buildActionMask = 2147483647;
			files = (
			);
			runOnlyForDeploymentPostprocessing = 0;
		};
		C9874B480E42337A0068E7BF /* Frameworks */ = {
			isa = PBXFrameworksBuildPhase;
			buildActionMask = 2147483647;
			files = (
			);
			runOnlyForDeploymentPostprocessing = 0;
		};
/* End PBXFrameworksBuildPhase section */

/* Begin PBXGroup section */
		034768DFFF38A50411DB9C8B /* Products */ = {
			isa = PBXGroup;
			children = (
				C9389E270E420FA90077F84F /* HoneycombTester.app */,
				C9874AD90E4230790068E7BF /* HoneycombView.framework */,
				C9874B4A0E42337A0068E7BF /* HoneycombViewIBPlugin.bundle */,
			);
			name = Products;
			sourceTree = "<group>";
		};
		0867D691FE84028FC02AAC07 /* Honeycomb */ = {
			isa = PBXGroup;
			children = (
				C9389E2E0E420FC10077F84F /* sample */,
				08FB77AEFE84172EC02AAC07 /* view */,
				32C88DFF0371C24200C91783 /* Other Sources */,
				089C1665FE841158C02AAC07 /* Resources */,
				0867D69AFE84028FC02AAC07 /* External Frameworks and Libraries */,
				034768DFFF38A50411DB9C8B /* Products */,
				C9389E290E420FA90077F84F /* HoneycombTester-Info.plist */,
				C9874ADA0E4230790068E7BF /* HoneycombView-Info.plist */,
				C9874B4B0E42337A0068E7BF /* HoneycombViewIBPlugin-Info.plist */,
				C9551F680E43D03C00E3C252 /* LICENSE */,
			);
			name = Honeycomb;
			sourceTree = "<group>";
		};
		0867D69AFE84028FC02AAC07 /* External Frameworks and Libraries */ = {
			isa = PBXGroup;
			children = (
				1058C7B0FEA5585E11CA2CBB /* Linked Frameworks */,
				1058C7B2FEA5585E11CA2CBB /* Other Frameworks */,
			);
			name = "External Frameworks and Libraries";
			sourceTree = "<group>";
		};
		089C1665FE841158C02AAC07 /* Resources */ = {
			isa = PBXGroup;
			children = (
				8DC2EF5A0486A6940098B216 /* Info.plist */,
				089C1666FE841158C02AAC07 /* InfoPlist.strings */,
			);
			name = Resources;
			sourceTree = "<group>";
		};
		08FB77AEFE84172EC02AAC07 /* view */ = {
			isa = PBXGroup;
			children = (
				C93C642F0E3FEEE400A6CE15 /* LMHexCell.h */,
				C93C64300E3FEEE400A6CE15 /* LMHexCell.m */,
				C93C64310E3FEEE400A6CE15 /* LMHoneycombMatrix.h */,
				C93C64320E3FEEE400A6CE15 /* LMHoneycombView.h */,
				C93C64330E3FEEE400A6CE15 /* LMHoneycombView.m */,
				C93C64340E3FEEE400A6CE15 /* LMRegularPolygon.h */,
				C93C64350E3FEEE400A6CE15 /* LMRegularPolygon.m */,
				C9389E950E421F240077F84F /* HoneycombView.h */,
			);
			path = view;
			sourceTree = "<group>";
		};
		1058C7B0FEA5585E11CA2CBB /* Linked Frameworks */ = {
			isa = PBXGroup;
			children = (
				1058C7B1FEA5585E11CA2CBB /* Cocoa.framework */,
			);
			name = "Linked Frameworks";
			sourceTree = "<group>";
		};
		1058C7B2FEA5585E11CA2CBB /* Other Frameworks */ = {
			isa = PBXGroup;
			children = (
				0867D6A5FE840307C02AAC07 /* AppKit.framework */,
				D2F7E79907B2D74100F64583 /* CoreData.framework */,
				0867D69BFE84028FC02AAC07 /* Foundation.framework */,
			);
			name = "Other Frameworks";
			sourceTree = "<group>";
		};
		32C88DFF0371C24200C91783 /* Other Sources */ = {
			isa = PBXGroup;
			children = (
				32DBCF5E0370ADEE00C91783 /* Honeycomb_Prefix.pch */,
			);
			name = "Other Sources";
			sourceTree = "<group>";
		};
		C9389E2E0E420FC10077F84F /* sample */ = {
			isa = PBXGroup;
			children = (
				C9389E2F0E420FD40077F84F /* HoneycombController.h */,
				C9389E300E420FD40077F84F /* HoneycombController.m */,
				C9389E530E42127B0077F84F /* MainMenu.xib */,
				C9389E670E42136E0077F84F /* main.m */,
			);
			path = sample;
			sourceTree = "<group>";
		};
/* End PBXGroup section */

/* Begin PBXHeadersBuildPhase section */
		C9874AD40E4230790068E7BF /* Headers */ = {
			isa = PBXHeadersBuildPhase;
			buildActionMask = 2147483647;
			files = (
				C9874AE00E42308C0068E7BF /* LMHexCell.h in Headers */,
				C9874AE20E42308C0068E7BF /* LMHoneycombMatrix.h in Headers */,
				C9874AE30E42308C0068E7BF /* LMHoneycombView.h in Headers */,
				C9874AE50E42308C0068E7BF /* LMRegularPolygon.h in Headers */,
				C9874AE70E42308C0068E7BF /* HoneycombView.h in Headers */,
			);
			runOnlyForDeploymentPostprocessing = 0;
		};
/* End PBXHeadersBuildPhase section */

/* Begin PBXNativeTarget section */
		C9389E260E420FA90077F84F /* HoneycombTester */ = {
			isa = PBXNativeTarget;
			buildConfigurationList = C9389E2C0E420FAA0077F84F /* Build configuration list for PBXNativeTarget "HoneycombTester" */;
			buildPhases = (
				C9389E230E420FA90077F84F /* Resources */,
				C9389E240E420FA90077F84F /* Sources */,
				C9389E250E420FA90077F84F /* Frameworks */,
			);
			buildRules = (
			);
			dependencies = (
				9131DD410E6C73EC00C59D1A /* PBXTargetDependency */,
			);
			name = HoneycombTester;
			productName = HoneycombTester;
			productReference = C9389E270E420FA90077F84F /* HoneycombTester.app */;
			productType = "com.apple.product-type.application";
		};
		C9874AD80E4230790068E7BF /* HoneycombView */ = {
			isa = PBXNativeTarget;
			buildConfigurationList = C9874ADD0E4230790068E7BF /* Build configuration list for PBXNativeTarget "HoneycombView" */;
			buildPhases = (
				C9874AD40E4230790068E7BF /* Headers */,
				C9874AD50E4230790068E7BF /* Resources */,
				C9874AD60E4230790068E7BF /* Sources */,
				C9874AD70E4230790068E7BF /* Frameworks */,
			);
			buildRules = (
			);
			dependencies = (
			);
			name = HoneycombView;
			productName = HoneycombView;
			productReference = C9874AD90E4230790068E7BF /* HoneycombView.framework */;
			productType = "com.apple.product-type.framework";
		};
		C9874B490E42337A0068E7BF /* HoneycombViewIBPlugin */ = {
			isa = PBXNativeTarget;
			buildConfigurationList = C9874B4E0E42337A0068E7BF /* Build configuration list for PBXNativeTarget "HoneycombViewIBPlugin" */;
			buildPhases = (
				C9874B460E42337A0068E7BF /* Resources */,
				C9874B470E42337A0068E7BF /* Sources */,
				C9874B480E42337A0068E7BF /* Frameworks */,
			);
			buildRules = (
			);
			dependencies = (
			);
			name = HoneycombViewIBPlugin;
			productName = HoneycombViewIBPlugin;
			productReference = C9874B4A0E42337A0068E7BF /* HoneycombViewIBPlugin.bundle */;
			productType = "com.apple.product-type.bundle";
		};
/* End PBXNativeTarget section */

/* Begin PBXProject section */
		0867D690FE84028FC02AAC07 /* Project object */ = {
			isa = PBXProject;
			buildConfigurationList = 1DEB91B108733DA50010E9CD /* Build configuration list for PBXProject "Honeycomb" */;
			compatibilityVersion = "Xcode 3.1";
			hasScannedForEncodings = 1;
			mainGroup = 0867D691FE84028FC02AAC07 /* Honeycomb */;
			productRefGroup = 034768DFFF38A50411DB9C8B /* Products */;
			projectDirPath = "";
			projectRoot = "";
			targets = (
				C9389E260E420FA90077F84F /* HoneycombTester */,
				C9874AD80E4230790068E7BF /* HoneycombView */,
				C9874B490E42337A0068E7BF /* HoneycombViewIBPlugin */,
			);
		};
/* End PBXProject section */

/* Begin PBXResourcesBuildPhase section */
		C9389E230E420FA90077F84F /* Resources */ = {
			isa = PBXResourcesBuildPhase;
			buildActionMask = 2147483647;
			files = (
				C9389E550E4212800077F84F /* MainMenu.xib in Resources */,
				C9551F690E43D03C00E3C252 /* LICENSE in Resources */,
			);
			runOnlyForDeploymentPostprocessing = 0;
		};
		C9874AD50E4230790068E7BF /* Resources */ = {
			isa = PBXResourcesBuildPhase;
			buildActionMask = 2147483647;
			files = (
			);
			runOnlyForDeploymentPostprocessing = 0;
		};
		C9874B460E42337A0068E7BF /* Resources */ = {
			isa = PBXResourcesBuildPhase;
			buildActionMask = 2147483647;
			files = (
			);
			runOnlyForDeploymentPostprocessing = 0;
		};
/* End PBXResourcesBuildPhase section */

/* Begin PBXSourcesBuildPhase section */
		C9389E240E420FA90077F84F /* Sources */ = {
			isa = PBXSourcesBuildPhase;
			buildActionMask = 2147483647;
			files = (
				C9389E500E4211190077F84F /* HoneycombController.m in Sources */,
				C9389E690E4213750077F84F /* main.m in Sources */,
			);
			runOnlyForDeploymentPostprocessing = 0;
		};
		C9874AD60E4230790068E7BF /* Sources */ = {
			isa = PBXSourcesBuildPhase;
			buildActionMask = 2147483647;
			files = (
				C9874AE10E42308C0068E7BF /* LMHexCell.m in Sources */,
				C9874AE40E42308C0068E7BF /* LMHoneycombView.m in Sources */,
				C9874AE60E42308C0068E7BF /* LMRegularPolygon.m in Sources */,
			);
			runOnlyForDeploymentPostprocessing = 0;
		};
		C9874B470E42337A0068E7BF /* Sources */ = {
			isa = PBXSourcesBuildPhase;
			buildActionMask = 2147483647;
			files = (
			);
			runOnlyForDeploymentPostprocessing = 0;
		};
/* End PBXSourcesBuildPhase section */

/* Begin PBXTargetDependency section */
		9131DD410E6C73EC00C59D1A /* PBXTargetDependency */ = {
			isa = PBXTargetDependency;
			target = C9874AD80E4230790068E7BF /* HoneycombView */;
			targetProxy = 9131DD400E6C73EC00C59D1A /* PBXContainerItemProxy */;
		};
/* End PBXTargetDependency section */

/* Begin PBXVariantGroup section */
		089C1666FE841158C02AAC07 /* InfoPlist.strings */ = {
			isa = PBXVariantGroup;
			children = (
				089C1667FE841158C02AAC07 /* English */,
			);
			name = InfoPlist.strings;
			sourceTree = "<group>";
		};
/* End PBXVariantGroup section */

/* Begin XCBuildConfiguration section */
		1DEB91B208733DA50010E9CD /* Debug */ = {
			isa = XCBuildConfiguration;
			buildSettings = {
				ARCHS = "$(ARCHS_STANDARD_32_BIT)";
				GCC_C_LANGUAGE_STANDARD = c99;
				GCC_ENABLE_OBJC_GC = required;
				GCC_OPTIMIZATION_LEVEL = 0;
				GCC_WARN_ABOUT_RETURN_TYPE = YES;
				GCC_WARN_UNUSED_VARIABLE = YES;
				ONLY_ACTIVE_ARCH = YES;
				PREBINDING = NO;
				SDKROOT = macosx10.5;
			};
			name = Debug;
		};
		1DEB91B308733DA50010E9CD /* Release */ = {
			isa = XCBuildConfiguration;
			buildSettings = {
				ARCHS = "$(ARCHS_STANDARD_32_BIT)";
				GCC_C_LANGUAGE_STANDARD = c99;
				GCC_ENABLE_OBJC_GC = required;
				GCC_WARN_ABOUT_RETURN_TYPE = YES;
				GCC_WARN_UNUSED_VARIABLE = YES;
				PREBINDING = NO;
				SDKROOT = macosx10.5;
			};
			name = Release;
		};
		C9389E2A0E420FAA0077F84F /* Debug */ = {
			isa = XCBuildConfiguration;
			buildSettings = {
				ALWAYS_SEARCH_USER_PATHS = NO;
				COPY_PHASE_STRIP = NO;
				GCC_DYNAMIC_NO_PIC = NO;
				GCC_ENABLE_FIX_AND_CONTINUE = YES;
				GCC_MODEL_TUNING = G5;
				GCC_OPTIMIZATION_LEVEL = 0;
				GCC_PRECOMPILE_PREFIX_HEADER = YES;
				GCC_PREFIX_HEADER = "$(SYSTEM_LIBRARY_DIR)/Frameworks/AppKit.framework/Headers/AppKit.h";
				INFOPLIST_FILE = "HoneycombTester-Info.plist";
				INSTALL_PATH = "$(HOME)/Applications";
				OTHER_LDFLAGS = (
					"-framework",
					Foundation,
					"-framework",
					AppKit,
				);
				PREBINDING = NO;
				PRODUCT_NAME = HoneycombTester;
			};
			name = Debug;
		};
		C9389E2B0E420FAA0077F84F /* Release */ = {
			isa = XCBuildConfiguration;
			buildSettings = {
				ALWAYS_SEARCH_USER_PATHS = NO;
				COPY_PHASE_STRIP = YES;
				DEBUG_INFORMATION_FORMAT = "dwarf-with-dsym";
				GCC_ENABLE_FIX_AND_CONTINUE = NO;
				GCC_MODEL_TUNING = G5;
				GCC_PRECOMPILE_PREFIX_HEADER = YES;
				GCC_PREFIX_HEADER = "$(SYSTEM_LIBRARY_DIR)/Frameworks/AppKit.framework/Headers/AppKit.h";
				INFOPLIST_FILE = "HoneycombTester-Info.plist";
				INSTALL_PATH = "$(HOME)/Applications";
				OTHER_LDFLAGS = (
					"-framework",
					Foundation,
					"-framework",
					AppKit,
				);
				PREBINDING = NO;
				PRODUCT_NAME = HoneycombTester;
				ZERO_LINK = NO;
			};
			name = Release;
		};
		C9874ADB0E4230790068E7BF /* Debug */ = {
			isa = XCBuildConfiguration;
			buildSettings = {
				ALWAYS_SEARCH_USER_PATHS = NO;
				COPY_PHASE_STRIP = NO;
				DEPLOYMENT_LOCATION = NO;
				DYLIB_COMPATIBILITY_VERSION = 1;
				DYLIB_CURRENT_VERSION = 1;
				FRAMEWORK_VERSION = A;
				GCC_DYNAMIC_NO_PIC = NO;
				GCC_ENABLE_FIX_AND_CONTINUE = YES;
				GCC_MODEL_TUNING = G5;
				GCC_OPTIMIZATION_LEVEL = 0;
				GCC_PRECOMPILE_PREFIX_HEADER = YES;
				GCC_PREFIX_HEADER = "$(SYSTEM_LIBRARY_DIR)/Frameworks/AppKit.framework/Headers/AppKit.h";
				INFOPLIST_FILE = "HoneycombView-Info.plist";
				INSTALL_PATH = "$(HOME)/Library/Frameworks";
				OTHER_LDFLAGS = (
					"-framework",
					Foundation,
					"-framework",
					AppKit,
				);
				PREBINDING = NO;
				PRODUCT_NAME = HoneycombView;
				SYMROOT = build;
			};
			name = Debug;
		};
		C9874ADC0E4230790068E7BF /* Release */ = {
			isa = XCBuildConfiguration;
			buildSettings = {
				ALWAYS_SEARCH_USER_PATHS = NO;
				COPY_PHASE_STRIP = YES;
				DEBUG_INFORMATION_FORMAT = "dwarf-with-dsym";
				DEPLOYMENT_LOCATION = NO;
				DYLIB_COMPATIBILITY_VERSION = 1;
				DYLIB_CURRENT_VERSION = 1;
				FRAMEWORK_VERSION = A;
				GCC_ENABLE_FIX_AND_CONTINUE = NO;
				GCC_MODEL_TUNING = G5;
				GCC_PRECOMPILE_PREFIX_HEADER = YES;
				GCC_PREFIX_HEADER = "$(SYSTEM_LIBRARY_DIR)/Frameworks/AppKit.framework/Headers/AppKit.h";
				INFOPLIST_FILE = "HoneycombView-Info.plist";
				INSTALL_PATH = "$(HOME)/Library/Frameworks";
				OTHER_LDFLAGS = (
					"-framework",
					Foundation,
					"-framework",
					AppKit,
				);
				PREBINDING = NO;
				PRODUCT_NAME = HoneycombView;
				SYMROOT = build;
				ZERO_LINK = NO;
			};
			name = Release;
		};
		C9874B4C0E42337A0068E7BF /* Debug */ = {
			isa = XCBuildConfiguration;
			buildSettings = {
				ALWAYS_SEARCH_USER_PATHS = NO;
				COPY_PHASE_STRIP = NO;
				GCC_DYNAMIC_NO_PIC = NO;
				GCC_ENABLE_FIX_AND_CONTINUE = YES;
				GCC_MODEL_TUNING = G5;
				GCC_OPTIMIZATION_LEVEL = 0;
				GCC_PRECOMPILE_PREFIX_HEADER = YES;
				GCC_PREFIX_HEADER = "$(SYSTEM_LIBRARY_DIR)/Frameworks/AppKit.framework/Headers/AppKit.h";
				INFOPLIST_FILE = "HoneycombViewIBPlugin-Info.plist";
				INSTALL_PATH = "$(HOME)/Library/Bundles";
				OTHER_LDFLAGS = (
					"-framework",
					Foundation,
					"-framework",
					AppKit,
				);
				PREBINDING = NO;
				PRODUCT_NAME = HoneycombViewIBPlugin;
				WRAPPER_EXTENSION = bundle;
			};
			name = Debug;
		};
		C9874B4D0E42337A0068E7BF /* Release */ = {
			isa = XCBuildConfiguration;
			buildSettings = {
				ALWAYS_SEARCH_USER_PATHS = NO;
				COPY_PHASE_STRIP = YES;
				DEBUG_INFORMATION_FORMAT = "dwarf-with-dsym";
				GCC_ENABLE_FIX_AND_CONTINUE = NO;
				GCC_MODEL_TUNING = G5;
				GCC_PRECOMPILE_PREFIX_HEADER = YES;
				GCC_PREFIX_HEADER = "$(SYSTEM_LIBRARY_DIR)/Frameworks/AppKit.framework/Headers/AppKit.h";
				INFOPLIST_FILE = "HoneycombViewIBPlugin-Info.plist";
				INSTALL_PATH = "$(HOME)/Library/Bundles";
				OTHER_LDFLAGS = (
					"-framework",
					Foundation,
					"-framework",
					AppKit,
				);
				PREBINDING = NO;
				PRODUCT_NAME = HoneycombViewIBPlugin;
				WRAPPER_EXTENSION = bundle;
				ZERO_LINK = NO;
			};
			name = Release;
		};
/* End XCBuildConfiguration section */

/* Begin XCConfigurationList section */
		1DEB91B108733DA50010E9CD /* Build configuration list for PBXProject "Honeycomb" */ = {
			isa = XCConfigurationList;
			buildConfigurations = (
				1DEB91B208733DA50010E9CD /* Debug */,
				1DEB91B308733DA50010E9CD /* Release */,
			);
			defaultConfigurationIsVisible = 0;
			defaultConfigurationName = Release;
		};
		C9389E2C0E420FAA0077F84F /* Build configuration list for PBXNativeTarget "HoneycombTester" */ = {
			isa = XCConfigurationList;
			buildConfigurations = (
				C9389E2A0E420FAA0077F84F /* Debug */,
				C9389E2B0E420FAA0077F84F /* Release */,
			);
			defaultConfigurationIsVisible = 0;
			defaultConfigurationName = Release;
		};
		C9874ADD0E4230790068E7BF /* Build configuration list for PBXNativeTarget "HoneycombView" */ = {
			isa = XCConfigurationList;
			buildConfigurations = (
				C9874ADB0E4230790068E7BF /* Debug */,
				C9874ADC0E4230790068E7BF /* Release */,
			);
			defaultConfigurationIsVisible = 0;
			defaultConfigurationName = Release;
		};
		C9874B4E0E42337A0068E7BF /* Build configuration list for PBXNativeTarget "HoneycombViewIBPlugin" */ = {
			isa = XCConfigurationList;
			buildConfigurations = (
				C9874B4C0E42337A0068E7BF /* Debug */,
				C9874B4D0E42337A0068E7BF /* Release */,
			);
			defaultConfigurationIsVisible = 0;
			defaultConfigurationName = Release;
		};
/* End XCConfigurationList section */
	};
	rootObject = 0867D690FE84028FC02AAC07 /* Project object */;
}
